// !$*UTF8*$!
{
	archiveVersion = 1;
	classes = {
	};
	objectVersion = 55;
	objects = {

/* Begin PBXBuildFile section */
		C41264662672A4B80035983F /* AppDelegate.swift in Sources */ = {isa = PBXBuildFile; fileRef = C41264652672A4B80035983F /* AppDelegate.swift */; };
		C41264682672A4B80035983F /* SceneDelegate.swift in Sources */ = {isa = PBXBuildFile; fileRef = C41264672672A4B80035983F /* SceneDelegate.swift */; };
		C412646A2672A4B80035983F /* GroupActivitiesColorsViewController.swift in Sources */ = {isa = PBXBuildFile; fileRef = C41264692672A4B80035983F /* GroupActivitiesColorsViewController.swift */; };
		C412646F2672A4B90035983F /* Assets.xcassets in Resources */ = {isa = PBXBuildFile; fileRef = C412646E2672A4B90035983F /* Assets.xcassets */; };
		C41264722672A4B90035983F /* LaunchScreen.storyboard in Resources */ = {isa = PBXBuildFile; fileRef = C41264702672A4B90035983F /* LaunchScreen.storyboard */; };
		C41264E02672BE730035983F /* ChooseColorActivity.swift in Sources */ = {isa = PBXBuildFile; fileRef = C41264DF2672BE730035983F /* ChooseColorActivity.swift */; };
		C430CBF82D25F229000DC340 /* GroupActivitiesColorsViewController.swift in Sources */ = {isa = PBXBuildFile; fileRef = C41264692672A4B80035983F /* GroupActivitiesColorsViewController.swift */; };
		C430CBF92D25F229000DC340 /* AppDelegate.swift in Sources */ = {isa = PBXBuildFile; fileRef = C41264652672A4B80035983F /* AppDelegate.swift */; };
		C430CBFA2D25F229000DC340 /* SceneDelegate.swift in Sources */ = {isa = PBXBuildFile; fileRef = C41264672672A4B80035983F /* SceneDelegate.swift */; };
		C430CBFB2D25F229000DC340 /* ChooseColorActivity.swift in Sources */ = {isa = PBXBuildFile; fileRef = C41264DF2672BE730035983F /* ChooseColorActivity.swift */; };
		C430CBFC2D25F229000DC340 /* GroupActivityHandler.swift in Sources */ = {isa = PBXBuildFile; fileRef = C472C00E26751FDF00319A91 /* GroupActivityHandler.swift */; };
		C430CBFD2D25F229000DC340 /* GroupActivitiesColorsView.swift in Sources */ = {isa = PBXBuildFile; fileRef = C4B6FE202D0D2205004FE456 /* GroupActivitiesColorsView.swift */; };
		C430CBFE2D25F229000DC340 /* ChooseColorMessage.swift in Sources */ = {isa = PBXBuildFile; fileRef = C472C0102675221700319A91 /* ChooseColorMessage.swift */; };
		C430CC012D25F229000DC340 /* LaunchScreen.storyboard in Resources */ = {isa = PBXBuildFile; fileRef = C41264702672A4B90035983F /* LaunchScreen.storyboard */; };
		C430CC022D25F229000DC340 /* Assets.xcassets in Resources */ = {isa = PBXBuildFile; fileRef = C412646E2672A4B90035983F /* Assets.xcassets */; };
		C472C00F26751FDF00319A91 /* GroupActivityHandler.swift in Sources */ = {isa = PBXBuildFile; fileRef = C472C00E26751FDF00319A91 /* GroupActivityHandler.swift */; };
		C472C0112675221700319A91 /* ChooseColorMessage.swift in Sources */ = {isa = PBXBuildFile; fileRef = C472C0102675221700319A91 /* ChooseColorMessage.swift */; };
		C4B6FE212D0D2205004FE456 /* GroupActivitiesColorsView.swift in Sources */ = {isa = PBXBuildFile; fileRef = C4B6FE202D0D2205004FE456 /* GroupActivitiesColorsView.swift */; };
/* End PBXBuildFile section */

/* Begin PBXFileReference section */
		C41264622672A4B80035983F /* GroupActivitiesColors.app */ = {isa = PBXFileReference; explicitFileType = wrapper.application; includeInIndex = 0; path = GroupActivitiesColors.app; sourceTree = BUILT_PRODUCTS_DIR; };
		C41264652672A4B80035983F /* AppDelegate.swift */ = {isa = PBXFileReference; lastKnownFileType = sourcecode.swift; path = AppDelegate.swift; sourceTree = "<group>"; };
		C41264672672A4B80035983F /* SceneDelegate.swift */ = {isa = PBXFileReference; lastKnownFileType = sourcecode.swift; path = SceneDelegate.swift; sourceTree = "<group>"; };
		C41264692672A4B80035983F /* GroupActivitiesColorsViewController.swift */ = {isa = PBXFileReference; lastKnownFileType = sourcecode.swift; path = GroupActivitiesColorsViewController.swift; sourceTree = "<group>"; };
		C412646E2672A4B90035983F /* Assets.xcassets */ = {isa = PBXFileReference; lastKnownFileType = folder.assetcatalog; path = Assets.xcassets; sourceTree = "<group>"; };
		C41264712672A4B90035983F /* Base */ = {isa = PBXFileReference; lastKnownFileType = file.storyboard; name = Base; path = Base.lproj/LaunchScreen.storyboard; sourceTree = "<group>"; };
		C41264732672A4B90035983F /* Info.plist */ = {isa = PBXFileReference; lastKnownFileType = text.plist.xml; path = Info.plist; sourceTree = "<group>"; };
		C41264DC2672BBDA0035983F /* GroupActivitiesColors.entitlements */ = {isa = PBXFileReference; lastKnownFileType = text.plist.entitlements; path = GroupActivitiesColors.entitlements; sourceTree = "<group>"; };
		C41264DF2672BE730035983F /* ChooseColorActivity.swift */ = {isa = PBXFileReference; lastKnownFileType = sourcecode.swift; path = ChooseColorActivity.swift; sourceTree = "<group>"; };
		C430CC062D25F229000DC340 /* GroupActivitiesColors for Vision Pro.app */ = {isa = PBXFileReference; explicitFileType = wrapper.application; includeInIndex = 0; path = "GroupActivitiesColors for Vision Pro.app"; sourceTree = BUILT_PRODUCTS_DIR; };
		C430CC072D25F229000DC340 /* GroupActivitiesColors copy-Info.plist */ = {isa = PBXFileReference; lastKnownFileType = text.plist.xml; name = "GroupActivitiesColors copy-Info.plist"; path = "/Users/Bob/Development/iOS 15/Bob Wakefield/GroupActivitiesColors/GroupActivitiesColors copy-Info.plist"; sourceTree = "<absolute>"; };
		C472C00E26751FDF00319A91 /* GroupActivityHandler.swift */ = {isa = PBXFileReference; lastKnownFileType = sourcecode.swift; path = GroupActivityHandler.swift; sourceTree = "<group>"; };
		C472C0102675221700319A91 /* ChooseColorMessage.swift */ = {isa = PBXFileReference; lastKnownFileType = sourcecode.swift; path = ChooseColorMessage.swift; sourceTree = "<group>"; };
		C472C0142676787800319A91 /* README.md */ = {isa = PBXFileReference; lastKnownFileType = net.daringfireball.markdown; path = README.md; sourceTree = "<group>"; };
		C4B6FE202D0D2205004FE456 /* GroupActivitiesColorsView.swift */ = {isa = PBXFileReference; lastKnownFileType = sourcecode.swift; path = GroupActivitiesColorsView.swift; sourceTree = "<group>"; };
		C4BF2D962CFEAD54004774ED /* GroupActivitiesColors for Vision Pro-Info.plist */ = {isa = PBXFileReference; lastKnownFileType = text.plist.xml; name = "GroupActivitiesColors for Vision Pro-Info.plist"; path = "/Users/Bob/Development/iOS 15/Bob Wakefield/GroupActivitiesPuppies/GroupActivitiesColors for Vision Pro-Info.plist"; sourceTree = "<absolute>"; };
/* End PBXFileReference section */

/* Begin PBXFrameworksBuildPhase section */
		C412645F2672A4B80035983F /* Frameworks */ = {
			isa = PBXFrameworksBuildPhase;
			buildActionMask = 2147483647;
			files = (
			);
			runOnlyForDeploymentPostprocessing = 0;
		};
		C430CBFF2D25F229000DC340 /* Frameworks */ = {
			isa = PBXFrameworksBuildPhase;
			buildActionMask = 2147483647;
			files = (
			);
			runOnlyForDeploymentPostprocessing = 0;
		};
/* End PBXFrameworksBuildPhase section */

/* Begin PBXGroup section */
		C41264592672A4B80035983F = {
			isa = PBXGroup;
			children = (
				C472C0142676787800319A91 /* README.md */,
				C41264642672A4B80035983F /* GroupActivitiesColors */,
				C4BF2D962CFEAD54004774ED /* GroupActivitiesColors for Vision Pro-Info.plist */,
				C430CC072D25F229000DC340 /* GroupActivitiesColors copy-Info.plist */,
				C41264632672A4B80035983F /* Products */,
			);
			sourceTree = "<group>";
		};
		C41264632672A4B80035983F /* Products */ = {
			isa = PBXGroup;
			children = (
				C41264622672A4B80035983F /* GroupActivitiesColors.app */,
				C430CC062D25F229000DC340 /* GroupActivitiesColors for Vision Pro.app */,
			);
			name = Products;
			sourceTree = "<group>";
		};
		C41264642672A4B80035983F /* GroupActivitiesColors */ = {
			isa = PBXGroup;
			children = (
				C41264DC2672BBDA0035983F /* GroupActivitiesColors.entitlements */,
				C41264C72672A7100035983F /* Images */,
				C41264652672A4B80035983F /* AppDelegate.swift */,
				C472C00E26751FDF00319A91 /* GroupActivityHandler.swift */,
				C41264DF2672BE730035983F /* ChooseColorActivity.swift */,
				C472C0102675221700319A91 /* ChooseColorMessage.swift */,
				C41264672672A4B80035983F /* SceneDelegate.swift */,
				C41264692672A4B80035983F /* GroupActivitiesColorsViewController.swift */,
				C4B6FE202D0D2205004FE456 /* GroupActivitiesColorsView.swift */,
				C412646E2672A4B90035983F /* Assets.xcassets */,
				C41264702672A4B90035983F /* LaunchScreen.storyboard */,
				C41264732672A4B90035983F /* Info.plist */,
			);
			path = GroupActivitiesColors;
			sourceTree = "<group>";
		};
		C41264C72672A7100035983F /* Images */ = {
			isa = PBXGroup;
			children = (
			);
			path = Images;
			sourceTree = "<group>";
		};
/* End PBXGroup section */

/* Begin PBXNativeTarget section */
		C41264612672A4B80035983F /* GroupActivitiesColors */ = {
			isa = PBXNativeTarget;
			buildConfigurationList = C41264762672A4B90035983F /* Build configuration list for PBXNativeTarget "GroupActivitiesColors" */;
			buildPhases = (
				C412645E2672A4B80035983F /* Sources */,
				C412645F2672A4B80035983F /* Frameworks */,
				C41264602672A4B80035983F /* Resources */,
			);
			buildRules = (
			);
			dependencies = (
			);
			name = GroupActivitiesColors;
			productName = GroupActivitiesPuppies;
			productReference = C41264622672A4B80035983F /* GroupActivitiesColors.app */;
			productType = "com.apple.product-type.application";
		};
		C430CBF62D25F229000DC340 /* GroupActivitiesColors for Vision Pro */ = {
			isa = PBXNativeTarget;
			buildConfigurationList = C430CC032D25F229000DC340 /* Build configuration list for PBXNativeTarget "GroupActivitiesColors for Vision Pro" */;
			buildPhases = (
				C430CBF72D25F229000DC340 /* Sources */,
				C430CBFF2D25F229000DC340 /* Frameworks */,
				C430CC002D25F229000DC340 /* Resources */,
			);
			buildRules = (
			);
			dependencies = (
			);
			name = "GroupActivitiesColors for Vision Pro";
			productName = GroupActivitiesPuppies;
			productReference = C430CC062D25F229000DC340 /* GroupActivitiesColors for Vision Pro.app */;
			productType = "com.apple.product-type.application";
		};
/* End PBXNativeTarget section */

/* Begin PBXProject section */
		C412645A2672A4B80035983F /* Project object */ = {
			isa = PBXProject;
			attributes = {
				BuildIndependentTargetsInParallel = 1;
				LastSwiftUpdateCheck = 1300;
				LastUpgradeCheck = 1610;
				TargetAttributes = {
					C41264612672A4B80035983F = {
						CreatedOnToolsVersion = 13.0;
					};
				};
			};
			buildConfigurationList = C412645D2672A4B80035983F /* Build configuration list for PBXProject "GroupActivitiesColors" */;
			compatibilityVersion = "Xcode 13.0";
			developmentRegion = en;
			hasScannedForEncodings = 0;
			knownRegions = (
				en,
				Base,
			);
			mainGroup = C41264592672A4B80035983F;
			productRefGroup = C41264632672A4B80035983F /* Products */;
			projectDirPath = "";
			projectRoot = "";
			targets = (
				C41264612672A4B80035983F /* GroupActivitiesColors */,
				C430CBF62D25F229000DC340 /* GroupActivitiesColors for Vision Pro */,
			);
		};
/* End PBXProject section */

/* Begin PBXResourcesBuildPhase section */
		C41264602672A4B80035983F /* Resources */ = {
			isa = PBXResourcesBuildPhase;
			buildActionMask = 2147483647;
			files = (
				C41264722672A4B90035983F /* LaunchScreen.storyboard in Resources */,
				C412646F2672A4B90035983F /* Assets.xcassets in Resources */,
			);
			runOnlyForDeploymentPostprocessing = 0;
		};
		C430CC002D25F229000DC340 /* Resources */ = {
			isa = PBXResourcesBuildPhase;
			buildActionMask = 2147483647;
			files = (
				C430CC012D25F229000DC340 /* LaunchScreen.storyboard in Resources */,
				C430CC022D25F229000DC340 /* Assets.xcassets in Resources */,
			);
			runOnlyForDeploymentPostprocessing = 0;
		};
/* End PBXResourcesBuildPhase section */

/* Begin PBXSourcesBuildPhase section */
		C412645E2672A4B80035983F /* Sources */ = {
			isa = PBXSourcesBuildPhase;
			buildActionMask = 2147483647;
			files = (
				C412646A2672A4B80035983F /* GroupActivitiesColorsViewController.swift in Sources */,
				C41264662672A4B80035983F /* AppDelegate.swift in Sources */,
				C41264682672A4B80035983F /* SceneDelegate.swift in Sources */,
				C41264E02672BE730035983F /* ChooseColorActivity.swift in Sources */,
				C472C00F26751FDF00319A91 /* GroupActivityHandler.swift in Sources */,
				C4B6FE212D0D2205004FE456 /* GroupActivitiesColorsView.swift in Sources */,
				C472C0112675221700319A91 /* ChooseColorMessage.swift in Sources */,
			);
			runOnlyForDeploymentPostprocessing = 0;
		};
		C430CBF72D25F229000DC340 /* Sources */ = {
			isa = PBXSourcesBuildPhase;
			buildActionMask = 2147483647;
			files = (
				C430CBF82D25F229000DC340 /* GroupActivitiesColorsViewController.swift in Sources */,
				C430CBF92D25F229000DC340 /* AppDelegate.swift in Sources */,
				C430CBFA2D25F229000DC340 /* SceneDelegate.swift in Sources */,
				C430CBFB2D25F229000DC340 /* ChooseColorActivity.swift in Sources */,
				C430CBFC2D25F229000DC340 /* GroupActivityHandler.swift in Sources */,
				C430CBFD2D25F229000DC340 /* GroupActivitiesColorsView.swift in Sources */,
				C430CBFE2D25F229000DC340 /* ChooseColorMessage.swift in Sources */,
			);
			runOnlyForDeploymentPostprocessing = 0;
		};
/* End PBXSourcesBuildPhase section */

/* Begin PBXVariantGroup section */
		C41264702672A4B90035983F /* LaunchScreen.storyboard */ = {
			isa = PBXVariantGroup;
			children = (
				C41264712672A4B90035983F /* Base */,
			);
			name = LaunchScreen.storyboard;
			sourceTree = "<group>";
		};
/* End PBXVariantGroup section */

/* Begin XCBuildConfiguration section */
		C41264742672A4B90035983F /* Debug */ = {
			isa = XCBuildConfiguration;
			buildSettings = {
				ALWAYS_SEARCH_USER_PATHS = NO;
				CLANG_ANALYZER_NONNULL = YES;
				CLANG_ANALYZER_NUMBER_OBJECT_CONVERSION = YES_AGGRESSIVE;
				CLANG_CXX_LANGUAGE_STANDARD = "gnu++14";
				CLANG_CXX_LIBRARY = "libc++";
				CLANG_ENABLE_MODULES = YES;
				CLANG_ENABLE_OBJC_ARC = YES;
				CLANG_ENABLE_OBJC_WEAK = YES;
				CLANG_WARN_BLOCK_CAPTURE_AUTORELEASING = YES;
				CLANG_WARN_BOOL_CONVERSION = YES;
				CLANG_WARN_COMMA = YES;
				CLANG_WARN_CONSTANT_CONVERSION = YES;
				CLANG_WARN_DEPRECATED_OBJC_IMPLEMENTATIONS = YES;
				CLANG_WARN_DIRECT_OBJC_ISA_USAGE = YES_ERROR;
				CLANG_WARN_DOCUMENTATION_COMMENTS = YES;
				CLANG_WARN_EMPTY_BODY = YES;
				CLANG_WARN_ENUM_CONVERSION = YES;
				CLANG_WARN_INFINITE_RECURSION = YES;
				CLANG_WARN_INT_CONVERSION = YES;
				CLANG_WARN_NON_LITERAL_NULL_CONVERSION = YES;
				CLANG_WARN_OBJC_IMPLICIT_RETAIN_SELF = YES;
				CLANG_WARN_OBJC_LITERAL_CONVERSION = YES;
				CLANG_WARN_OBJC_ROOT_CLASS = YES_ERROR;
				CLANG_WARN_QUOTED_INCLUDE_IN_FRAMEWORK_HEADER = YES;
				CLANG_WARN_RANGE_LOOP_ANALYSIS = YES;
				CLANG_WARN_STRICT_PROTOTYPES = YES;
				CLANG_WARN_SUSPICIOUS_MOVE = YES;
				CLANG_WARN_UNGUARDED_AVAILABILITY = YES_AGGRESSIVE;
				CLANG_WARN_UNREACHABLE_CODE = YES;
				CLANG_WARN__DUPLICATE_METHOD_MATCH = YES;
				COPY_PHASE_STRIP = NO;
				DEBUG_INFORMATION_FORMAT = dwarf;
				ENABLE_STRICT_OBJC_MSGSEND = YES;
				ENABLE_TESTABILITY = YES;
				ENABLE_USER_SCRIPT_SANDBOXING = YES;
				GCC_C_LANGUAGE_STANDARD = gnu11;
				GCC_DYNAMIC_NO_PIC = NO;
				GCC_NO_COMMON_BLOCKS = YES;
				GCC_OPTIMIZATION_LEVEL = 0;
				GCC_PREPROCESSOR_DEFINITIONS = (
					"DEBUG=1",
					"$(inherited)",
				);
				GCC_WARN_64_TO_32_BIT_CONVERSION = YES;
				GCC_WARN_ABOUT_RETURN_TYPE = YES_ERROR;
				GCC_WARN_UNDECLARED_SELECTOR = YES;
				GCC_WARN_UNINITIALIZED_AUTOS = YES_AGGRESSIVE;
				GCC_WARN_UNUSED_FUNCTION = YES;
				GCC_WARN_UNUSED_VARIABLE = YES;
				IPHONEOS_DEPLOYMENT_TARGET = 15.0;
				MTL_ENABLE_DEBUG_INFO = INCLUDE_SOURCE;
				MTL_FAST_MATH = YES;
				ONLY_ACTIVE_ARCH = YES;
				SDKROOT = iphoneos;
				SWIFT_ACTIVE_COMPILATION_CONDITIONS = DEBUG;
				SWIFT_OPTIMIZATION_LEVEL = "-Onone";
			};
			name = Debug;
		};
		C41264752672A4B90035983F /* Release */ = {
			isa = XCBuildConfiguration;
			buildSettings = {
				ALWAYS_SEARCH_USER_PATHS = NO;
				CLANG_ANALYZER_NONNULL = YES;
				CLANG_ANALYZER_NUMBER_OBJECT_CONVERSION = YES_AGGRESSIVE;
				CLANG_CXX_LANGUAGE_STANDARD = "gnu++14";
				CLANG_CXX_LIBRARY = "libc++";
				CLANG_ENABLE_MODULES = YES;
				CLANG_ENABLE_OBJC_ARC = YES;
				CLANG_ENABLE_OBJC_WEAK = YES;
				CLANG_WARN_BLOCK_CAPTURE_AUTORELEASING = YES;
				CLANG_WARN_BOOL_CONVERSION = YES;
				CLANG_WARN_COMMA = YES;
				CLANG_WARN_CONSTANT_CONVERSION = YES;
				CLANG_WARN_DEPRECATED_OBJC_IMPLEMENTATIONS = YES;
				CLANG_WARN_DIRECT_OBJC_ISA_USAGE = YES_ERROR;
				CLANG_WARN_DOCUMENTATION_COMMENTS = YES;
				CLANG_WARN_EMPTY_BODY = YES;
				CLANG_WARN_ENUM_CONVERSION = YES;
				CLANG_WARN_INFINITE_RECURSION = YES;
				CLANG_WARN_INT_CONVERSION = YES;
				CLANG_WARN_NON_LITERAL_NULL_CONVERSION = YES;
				CLANG_WARN_OBJC_IMPLICIT_RETAIN_SELF = YES;
				CLANG_WARN_OBJC_LITERAL_CONVERSION = YES;
				CLANG_WARN_OBJC_ROOT_CLASS = YES_ERROR;
				CLANG_WARN_QUOTED_INCLUDE_IN_FRAMEWORK_HEADER = YES;
				CLANG_WARN_RANGE_LOOP_ANALYSIS = YES;
				CLANG_WARN_STRICT_PROTOTYPES = YES;
				CLANG_WARN_SUSPICIOUS_MOVE = YES;
				CLANG_WARN_UNGUARDED_AVAILABILITY = YES_AGGRESSIVE;
				CLANG_WARN_UNREACHABLE_CODE = YES;
				CLANG_WARN__DUPLICATE_METHOD_MATCH = YES;
				COPY_PHASE_STRIP = NO;
				DEBUG_INFORMATION_FORMAT = "dwarf-with-dsym";
				ENABLE_NS_ASSERTIONS = NO;
				ENABLE_STRICT_OBJC_MSGSEND = YES;
				ENABLE_USER_SCRIPT_SANDBOXING = YES;
				GCC_C_LANGUAGE_STANDARD = gnu11;
				GCC_NO_COMMON_BLOCKS = YES;
				GCC_WARN_64_TO_32_BIT_CONVERSION = YES;
				GCC_WARN_ABOUT_RETURN_TYPE = YES_ERROR;
				GCC_WARN_UNDECLARED_SELECTOR = YES;
				GCC_WARN_UNINITIALIZED_AUTOS = YES_AGGRESSIVE;
				GCC_WARN_UNUSED_FUNCTION = YES;
				GCC_WARN_UNUSED_VARIABLE = YES;
				IPHONEOS_DEPLOYMENT_TARGET = 15.0;
				MTL_ENABLE_DEBUG_INFO = NO;
				MTL_FAST_MATH = YES;
				SDKROOT = iphoneos;
				SWIFT_COMPILATION_MODE = wholemodule;
				SWIFT_OPTIMIZATION_LEVEL = "-O";
				VALIDATE_PRODUCT = YES;
			};
			name = Release;
		};
		C41264772672A4B90035983F /* Debug */ = {
			isa = XCBuildConfiguration;
			buildSettings = {
				ASSETCATALOG_COMPILER_APPICON_NAME = AppIcon;
				ASSETCATALOG_COMPILER_GLOBAL_ACCENT_COLOR_NAME = AccentColor;
				CODE_SIGN_ENTITLEMENTS = GroupActivitiesColors/GroupActivitiesColors.entitlements;
				CODE_SIGN_STYLE = Automatic;
				CURRENT_PROJECT_VERSION = 1;
				DEVELOPMENT_TEAM = 8G7W6WCEM9;
				GENERATE_INFOPLIST_FILE = YES;
				INFOPLIST_FILE = GroupActivitiesColors/Info.plist;
				INFOPLIST_KEY_UIApplicationSupportsIndirectInputEvents = YES;
				INFOPLIST_KEY_UILaunchStoryboardName = LaunchScreen;
				INFOPLIST_KEY_UISupportedInterfaceOrientations_iPad = "UIInterfaceOrientationPortrait UIInterfaceOrientationPortraitUpsideDown UIInterfaceOrientationLandscapeLeft UIInterfaceOrientationLandscapeRight";
				INFOPLIST_KEY_UISupportedInterfaceOrientations_iPhone = "UIInterfaceOrientationPortrait UIInterfaceOrientationLandscapeLeft UIInterfaceOrientationLandscapeRight";
				LD_RUNPATH_SEARCH_PATHS = (
					"$(inherited)",
					"@executable_path/Frameworks",
				);
				MARKETING_VERSION = 1.0;
				PRODUCT_BUNDLE_IDENTIFIER = net.cockleburr.GroupActivitiesColors;
				PRODUCT_NAME = "$(TARGET_NAME)";
				SUPPORTED_PLATFORMS = "iphoneos iphonesimulator";
				SUPPORTS_MACCATALYST = NO;
				SUPPORTS_XR_DESIGNED_FOR_IPHONE_IPAD = NO;
				SWIFT_EMIT_LOC_STRINGS = YES;
				SWIFT_VERSION = 5.0;
				TARGETED_DEVICE_FAMILY = "1,2";
			};
			name = Debug;
		};
		C41264782672A4B90035983F /* Release */ = {
			isa = XCBuildConfiguration;
			buildSettings = {
				ASSETCATALOG_COMPILER_APPICON_NAME = AppIcon;
				ASSETCATALOG_COMPILER_GLOBAL_ACCENT_COLOR_NAME = AccentColor;
				CODE_SIGN_ENTITLEMENTS = GroupActivitiesColors/GroupActivitiesColors.entitlements;
				CODE_SIGN_STYLE = Automatic;
				CURRENT_PROJECT_VERSION = 1;
				DEVELOPMENT_TEAM = 8G7W6WCEM9;
				GENERATE_INFOPLIST_FILE = YES;
				INFOPLIST_FILE = GroupActivitiesColors/Info.plist;
				INFOPLIST_KEY_UIApplicationSupportsIndirectInputEvents = YES;
				INFOPLIST_KEY_UILaunchStoryboardName = LaunchScreen;
				INFOPLIST_KEY_UISupportedInterfaceOrientations_iPad = "UIInterfaceOrientationPortrait UIInterfaceOrientationPortraitUpsideDown UIInterfaceOrientationLandscapeLeft UIInterfaceOrientationLandscapeRight";
				INFOPLIST_KEY_UISupportedInterfaceOrientations_iPhone = "UIInterfaceOrientationPortrait UIInterfaceOrientationLandscapeLeft UIInterfaceOrientationLandscapeRight";
				LD_RUNPATH_SEARCH_PATHS = (
					"$(inherited)",
					"@executable_path/Frameworks",
				);
				MARKETING_VERSION = 1.0;
				PRODUCT_BUNDLE_IDENTIFIER = net.cockleburr.GroupActivitiesColors;
				PRODUCT_NAME = "$(TARGET_NAME)";
				SUPPORTED_PLATFORMS = "iphoneos iphonesimulator";
				SUPPORTS_MACCATALYST = NO;
				SUPPORTS_XR_DESIGNED_FOR_IPHONE_IPAD = NO;
				SWIFT_EMIT_LOC_STRINGS = YES;
				SWIFT_VERSION = 5.0;
				TARGETED_DEVICE_FAMILY = "1,2";
			};
			name = Release;
		};
		C430CC042D25F229000DC340 /* Debug */ = {
			isa = XCBuildConfiguration;
			buildSettings = {
				ASSETCATALOG_COMPILER_APPICON_NAME = AppIcon;
				ASSETCATALOG_COMPILER_GLOBAL_ACCENT_COLOR_NAME = AccentColor;
				CODE_SIGN_ENTITLEMENTS = GroupActivitiesColors/GroupActivitiesColors.entitlements;
				CODE_SIGN_STYLE = Automatic;
				CURRENT_PROJECT_VERSION = 1;
				DEVELOPMENT_TEAM = 8G7W6WCEM9;
				GENERATE_INFOPLIST_FILE = YES;
				INFOPLIST_FILE = "GroupActivitiesColors copy-Info.plist";
				INFOPLIST_KEY_UIApplicationSupportsIndirectInputEvents = YES;
				INFOPLIST_KEY_UILaunchStoryboardName = LaunchScreen;
				INFOPLIST_KEY_UISupportedInterfaceOrientations_iPad = "UIInterfaceOrientationPortrait UIInterfaceOrientationPortraitUpsideDown UIInterfaceOrientationLandscapeLeft UIInterfaceOrientationLandscapeRight";
				INFOPLIST_KEY_UISupportedInterfaceOrientations_iPhone = "UIInterfaceOrientationPortrait UIInterfaceOrientationLandscapeLeft UIInterfaceOrientationLandscapeRight";
				LD_RUNPATH_SEARCH_PATHS = (
					"$(inherited)",
					"@executable_path/Frameworks",
				);
				MARKETING_VERSION = 1.0;
				PRODUCT_BUNDLE_IDENTIFIER = net.cockleburr.GroupActivitiesColors;
				PRODUCT_NAME = "$(TARGET_NAME)";
				SUPPORTED_PLATFORMS = "xros xrsimulator";
				SUPPORTS_MACCATALYST = NO;
				SUPPORTS_MAC_DESIGNED_FOR_IPHONE_IPAD = NO;
				SUPPORTS_XR_DESIGNED_FOR_IPHONE_IPAD = NO;
				SWIFT_EMIT_LOC_STRINGS = YES;
				SWIFT_VERSION = 5.0;
				TARGETED_DEVICE_FAMILY = 7;
			};
			name = Debug;
		};
		C430CC052D25F229000DC340 /* Release */ = {
			isa = XCBuildConfiguration;
			buildSettings = {
				ASSETCATALOG_COMPILER_APPICON_NAME = AppIcon;
				ASSETCATALOG_COMPILER_GLOBAL_ACCENT_COLOR_NAME = AccentColor;
				CODE_SIGN_ENTITLEMENTS = GroupActivitiesColors/GroupActivitiesColors.entitlements;
				CODE_SIGN_STYLE = Automatic;
				CURRENT_PROJECT_VERSION = 1;
				DEVELOPMENT_TEAM = 8G7W6WCEM9;
				GENERATE_INFOPLIST_FILE = YES;
				INFOPLIST_FILE = "GroupActivitiesColors copy-Info.plist";
				INFOPLIST_KEY_UIApplicationSupportsIndirectInputEvents = YES;
				INFOPLIST_KEY_UILaunchStoryboardName = LaunchScreen;
				INFOPLIST_KEY_UISupportedInterfaceOrientations_iPad = "UIInterfaceOrientationPortrait UIInterfaceOrientationPortraitUpsideDown UIInterfaceOrientationLandscapeLeft UIInterfaceOrientationLandscapeRight";
				INFOPLIST_KEY_UISupportedInterfaceOrientations_iPhone = "UIInterfaceOrientationPortrait UIInterfaceOrientationLandscapeLeft UIInterfaceOrientationLandscapeRight";
				LD_RUNPATH_SEARCH_PATHS = (
					"$(inherited)",
					"@executable_path/Frameworks",
				);
				MARKETING_VERSION = 1.0;
				PRODUCT_BUNDLE_IDENTIFIER = net.cockleburr.GroupActivitiesColors;
				PRODUCT_NAME = "$(TARGET_NAME)";
				SUPPORTED_PLATFORMS = "xros xrsimulator";
				SUPPORTS_MACCATALYST = NO;
				SUPPORTS_MAC_DESIGNED_FOR_IPHONE_IPAD = NO;
				SUPPORTS_XR_DESIGNED_FOR_IPHONE_IPAD = NO;
				SWIFT_EMIT_LOC_STRINGS = YES;
				SWIFT_VERSION = 5.0;
				TARGETED_DEVICE_FAMILY = 7;
			};
			name = Release;
		};
/* End XCBuildConfiguration section */

/* Begin XCConfigurationList section */
		C412645D2672A4B80035983F /* Build configuration list for PBXProject "GroupActivitiesColors" */ = {
			isa = XCConfigurationList;
			buildConfigurations = (
				C41264742672A4B90035983F /* Debug */,
				C41264752672A4B90035983F /* Release */,
			);
			defaultConfigurationIsVisible = 0;
			defaultConfigurationName = Release;
		};
		C41264762672A4B90035983F /* Build configuration list for PBXNativeTarget "GroupActivitiesColors" */ = {
			isa = XCConfigurationList;
			buildConfigurations = (
				C41264772672A4B90035983F /* Debug */,
				C41264782672A4B90035983F /* Release */,
			);
			defaultConfigurationIsVisible = 0;
			defaultConfigurationName = Release;
		};
		C430CC032D25F229000DC340 /* Build configuration list for PBXNativeTarget "GroupActivitiesColors for Vision Pro" */ = {
			isa = XCConfigurationList;
			buildConfigurations = (
				C430CC042D25F229000DC340 /* Debug */,
				C430CC052D25F229000DC340 /* Release */,
			);
			defaultConfigurationIsVisible = 0;
			defaultConfigurationName = Release;
		};
/* End XCConfigurationList section */
	};
	rootObject = C412645A2672A4B80035983F /* Project object */;
}
